{
  "nodes": {
    "comma": {
      "flake": false,
      "locked": {
        "lastModified": 1588170489,
        "narHash": "sha256-IT7zlcM1Oh4sWeCJ1m4NkteuajPxTnNo1tbitG0eqlg=",
        "owner": "Shopify",
        "repo": "comma",
        "rev": "4a62ec17e20ce0e738a8e5126b4298a73903b468",
        "type": "github"
      },
      "original": {
        "owner": "Shopify",
        "repo": "comma",
        "type": "github"
      }
    },
    "darwin": {
      "inputs": {
        "nixpkgs": [
          "nixpkgs"
        ]
      },
      "locked": {
        "lastModified": 1611862547,
        "narHash": "sha256-pBWrGexAJjuQjveuuDEsbeLZoQabbA7gaQs9h+OuZwo=",
        "owner": "lnl7",
        "repo": "nix-darwin",
        "rev": "9e3e4033bcbb88dab3650889b73a242c58adc00e",
        "type": "github"
      },
      "original": {
        "owner": "lnl7",
        "repo": "nix-darwin",
        "type": "github"
      }
    },
    "fish-plugin-done": {
      "flake": false,
      "locked": {
        "lastModified": 1611520292,
        "narHash": "sha256-exW2dF45AuO8jUw3uSu9XG9j4sKhGc7rWYHMKGcq88Q=",
        "owner": "franciscolourenco",
        "repo": "done",
        "rev": "f7886fdc26cd849ddf21fb05d516548914dd060a",
        "type": "github"
      },
      "original": {
        "owner": "franciscolourenco",
        "repo": "done",
        "type": "github"
      }
    },
    "fish-plugin-humanize-duration": {
      "flake": false,
      "locked": {
        "lastModified": 1610783992,
        "narHash": "sha256-792rPsf2WDIYcP8gn6TbHh9RZvskfOAL/oKfpilaLh0=",
        "owner": "fishpkg",
        "repo": "fish-humanize-duration",
        "rev": "53b2adb4c6aff0da569c931a3cc006efcd0e7219",
        "type": "github"
      },
      "original": {
        "owner": "fishpkg",
        "repo": "fish-humanize-duration",
        "type": "github"
      }
    },
    "flake-utils": {
      "locked": {
        "lastModified": 1610051610,
        "narHash": "sha256-U9rPz/usA1/Aohhk7Cmc2gBrEEKRzcW4nwPWMPwja4Y=",
        "owner": "numtide",
        "repo": "flake-utils",
        "rev": "3982c9903e93927c2164caa727cd3f6a0e6d14cc",
        "type": "github"
      },
      "original": {
        "owner": "numtide",
        "repo": "flake-utils",
        "type": "github"
      }
    },
    "home-manager": {
      "inputs": {
        "nixpkgs": [
          "nixpkgs"
        ]
      },
      "locked": {
        "lastModified": 1611784121,
        "narHash": "sha256-H0KonFbl300yRHjb41meuEUGJYG/OY0sAu7Z6rAeMCU=",
        "owner": "nix-community",
        "repo": "home-manager",
        "rev": "db88b625f9230154878db56e934e940d84f153bc",
        "type": "github"
      },
      "original": {
        "owner": "nix-community",
        "repo": "home-manager",
        "type": "github"
      }
    },
    "neovim": {
      "inputs": {
        "flake-utils": "flake-utils",
        "nixpkgs": [
          "nixpkgs"
        ]
      },
      "locked": {
        "dir": "contrib",
        "lastModified": 1611854844,
        "narHash": "sha256-UEWVgWJmej2sa2Vhb/JxIsU1sFEdb7L9pC87mt5UXcw=",
        "owner": "neovim",
        "repo": "neovim",
        "rev": "8950f4e94af1534852cab5f41066d7c21330bd64",
        "type": "github"
      },
      "original": {
        "dir": "contrib",
        "owner": "neovim",
        "repo": "neovim",
        "type": "github"
      }
    },
    "nixos-stable": {
      "locked": {
        "lastModified": 1611910458,
        "narHash": "sha256-//j54S14v9lp3YKizS1WZW3WKwLjGTzvwhHfUAaRBPQ=",
        "owner": "nixos",
        "repo": "nixpkgs",
        "rev": "6e7f25001fe6874f7ae271891f709bbf50a22c45",
        "type": "github"
      },
      "original": {
        "owner": "nixos",
        "ref": "nixos-20.09",
        "repo": "nixpkgs",
        "type": "github"
      }
    },
    "nixpkgs": {
      "locked": {
        "lastModified": 1611904730,
        "narHash": "sha256-HJm80EZbH72vJ46wzlQ3dI4RzjjBYhGwYF8UXR3z8D4=",
        "owner": "nixos",
        "repo": "nixpkgs",
        "rev": "e5ce05cc1eee0b8d890726e9826791ef95c51793",
        "type": "github"
      },
      "original": {
        "owner": "nixos",
        "ref": "nixpkgs-unstable",
        "repo": "nixpkgs",
        "type": "github"
      }
    },
    "nixpkgs-master": {
      "locked": {
        "lastModified": 1611945967,
        "narHash": "sha256-NqW4zx2HzeCEZMH5WvUyql29CiIz67KvlGF0kb5IRVk=",
        "owner": "nixos",
        "repo": "nixpkgs",
        "rev": "8c72a38ad0dcd2fd6aa1724a8ef641f7b14732b1",
        "type": "github"
      },
      "original": {
        "owner": "nixos",
        "ref": "master",
        "repo": "nixpkgs",
        "type": "github"
      }
    },
    "nixpkgs-stable-darwin": {
      "locked": {
        "lastModified": 1611910458,
        "narHash": "sha256-//j54S14v9lp3YKizS1WZW3WKwLjGTzvwhHfUAaRBPQ=",
        "owner": "nixos",
        "repo": "nixpkgs",
        "rev": "6e7f25001fe6874f7ae271891f709bbf50a22c45",
        "type": "github"
      },
      "original": {
        "owner": "nixos",
        "ref": "nixpkgs-20.09-darwin",
        "repo": "nixpkgs",
        "type": "github"
      }
    },
    "root": {
      "inputs": {
        "comma": "comma",
        "darwin": "darwin",
        "fish-plugin-done": "fish-plugin-done",
        "fish-plugin-humanize-duration": "fish-plugin-humanize-duration",
        "home-manager": "home-manager",
        "neovim": "neovim",
        "nixos-stable": "nixos-stable",
        "nixpkgs": "nixpkgs",
        "nixpkgs-master": "nixpkgs-master",
        "nixpkgs-stable-darwin": "nixpkgs-stable-darwin"
      }
    }
  },
  "root": "root",
  "version": 7
}
