{
  "nodes": {
    "comma": {
      "flake": false,
      "locked": {
        "lastModified": 1588170489,
        "narHash": "sha256-IT7zlcM1Oh4sWeCJ1m4NkteuajPxTnNo1tbitG0eqlg=",
        "owner": "Shopify",
        "repo": "comma",
        "rev": "4a62ec17e20ce0e738a8e5126b4298a73903b468",
        "type": "github"
      },
      "original": {
        "owner": "Shopify",
        "repo": "comma",
        "type": "github"
      }
    },
    "darwin": {
      "inputs": {
        "nixpkgs": [
          "nixpkgs"
        ]
      },
      "locked": {
        "lastModified": 1612476302,
        "narHash": "sha256-gPQy5UoFU3pdnfJjxbhC56AnaMRx0DWMzHM51EJImN0=",
        "owner": "lnl7",
        "repo": "nix-darwin",
        "rev": "dca3806552420c811e539ede2af3aa7aec665ba1",
        "type": "github"
      },
      "original": {
        "owner": "lnl7",
        "repo": "nix-darwin",
        "type": "github"
      }
    },
    "fish-plugin-done": {
      "flake": false,
      "locked": {
        "lastModified": 1611520292,
        "narHash": "sha256-exW2dF45AuO8jUw3uSu9XG9j4sKhGc7rWYHMKGcq88Q=",
        "owner": "franciscolourenco",
        "repo": "done",
        "rev": "f7886fdc26cd849ddf21fb05d516548914dd060a",
        "type": "github"
      },
      "original": {
        "owner": "franciscolourenco",
        "repo": "done",
        "type": "github"
      }
    },
    "fish-plugin-humanize-duration": {
      "flake": false,
      "locked": {
        "lastModified": 1610783992,
        "narHash": "sha256-792rPsf2WDIYcP8gn6TbHh9RZvskfOAL/oKfpilaLh0=",
        "owner": "fishpkg",
        "repo": "fish-humanize-duration",
        "rev": "53b2adb4c6aff0da569c931a3cc006efcd0e7219",
        "type": "github"
      },
      "original": {
        "owner": "fishpkg",
        "repo": "fish-humanize-duration",
        "type": "github"
      }
    },
    "flake-utils": {
      "locked": {
        "lastModified": 1610051610,
        "narHash": "sha256-U9rPz/usA1/Aohhk7Cmc2gBrEEKRzcW4nwPWMPwja4Y=",
        "owner": "numtide",
        "repo": "flake-utils",
        "rev": "3982c9903e93927c2164caa727cd3f6a0e6d14cc",
        "type": "github"
      },
      "original": {
        "owner": "numtide",
        "repo": "flake-utils",
        "type": "github"
      }
    },
    "home-manager": {
      "inputs": {
        "nixpkgs": [
          "nixpkgs"
        ]
      },
      "locked": {
        "lastModified": 1612882769,
        "narHash": "sha256-fp3brtAh5zhwYjSfynsEGDnw4pR8MNLB1lRh0leUW/Y=",
        "owner": "nix-community",
        "repo": "home-manager",
        "rev": "87e2ec341bfda373d50ab58529b4bbb0eb9eb9a0",
        "type": "github"
      },
      "original": {
        "owner": "nix-community",
        "repo": "home-manager",
        "type": "github"
      }
    },
    "neovim": {
      "inputs": {
        "flake-utils": "flake-utils",
        "nixpkgs": [
          "nixpkgs"
        ]
      },
      "locked": {
        "dir": "contrib",
        "lastModified": 1613065061,
        "narHash": "sha256-PDrgHviFQW5ss1FPDkezFnZfmiuYu2z1EICzkR2j1d0=",
        "owner": "neovim",
        "repo": "neovim",
        "rev": "393095c1c69de922530871f74869433327b247b6",
        "type": "github"
      },
      "original": {
        "dir": "contrib",
        "owner": "neovim",
        "repo": "neovim",
        "type": "github"
      }
    },
    "nixpkgs": {
      "locked": {
        "lastModified": 1613039270,
        "narHash": "sha256-vSu4h07hlEWQ+gwyR0tm/xk31+N90pBumZ8gsZM87rM=",
        "owner": "nixos",
        "repo": "nixpkgs",
        "rev": "3155a9e966ab674f8f228ae0d0f8b7f2de8a3bd5",
        "type": "github"
      },
      "original": {
        "owner": "nixos",
        "ref": "nixpkgs-unstable",
        "repo": "nixpkgs",
        "type": "github"
      }
    },
    "nixpkgs-master": {
      "locked": {
        "lastModified": 1613070374,
        "narHash": "sha256-u4mN6lTqTh7BrmHYefZKv4/Pl3iDmHUMHGC8Zz+5j7U=",
        "owner": "nixos",
        "repo": "nixpkgs",
        "rev": "c871fa4f3887e87fd4e6b27011d67d6fa769fc88",
        "type": "github"
      },
      "original": {
        "owner": "nixos",
        "ref": "master",
        "repo": "nixpkgs",
        "type": "github"
      }
    },
    "nixpkgs-stable-darwin": {
      "locked": {
        "lastModified": 1613052909,
        "narHash": "sha256-ySltSMSJl1fn6i0gDP2MgA7igur8W74Y+ltnObw/GZo=",
        "owner": "nixos",
        "repo": "nixpkgs",
        "rev": "41fe9fd6277271806116f8ccf1d8e7c64598d6a8",
        "type": "github"
      },
      "original": {
        "owner": "nixos",
        "ref": "nixpkgs-20.09-darwin",
        "repo": "nixpkgs",
        "type": "github"
      }
    },
    "root": {
      "inputs": {
        "comma": "comma",
        "darwin": "darwin",
        "fish-plugin-done": "fish-plugin-done",
        "fish-plugin-humanize-duration": "fish-plugin-humanize-duration",
        "home-manager": "home-manager",
        "neovim": "neovim",
        "nixpkgs": "nixpkgs",
        "nixpkgs-master": "nixpkgs-master",
        "nixpkgs-stable-darwin": "nixpkgs-stable-darwin"
      }
    }
  },
  "root": "root",
  "version": 7
}
