{
  "nodes": {
    "comma": {
      "flake": false,
      "locked": {
        "lastModified": 1588170489,
        "narHash": "sha256-IT7zlcM1Oh4sWeCJ1m4NkteuajPxTnNo1tbitG0eqlg=",
        "owner": "Shopify",
        "repo": "comma",
        "rev": "4a62ec17e20ce0e738a8e5126b4298a73903b468",
        "type": "github"
      },
      "original": {
        "owner": "Shopify",
        "repo": "comma",
        "type": "github"
      }
    },
    "darwin": {
      "inputs": {
        "nixpkgs": [
          "nixpkgs"
        ]
      },
      "locked": {
        "lastModified": 1608628442,
        "narHash": "sha256-MNpNlZ2TqaQNiYuP8UcudfQoZAT/ocwFwFxhANSRt1c=",
        "owner": "lnl7",
        "repo": "nix-darwin",
        "rev": "8834df431736c3037bbef017b24c62bc4ace4645",
        "type": "github"
      },
      "original": {
        "owner": "lnl7",
        "repo": "nix-darwin",
        "type": "github"
      }
    },
    "fish-plugin-done": {
      "flake": false,
      "locked": {
        "lastModified": 1605248195,
        "narHash": "sha256-ifwri5FCkEY8AdrJYxAiP+pQjwWLxbnmFhEnsSbdgbM=",
        "owner": "franciscolourenco",
        "repo": "done",
        "rev": "f6f1998f4b5e89f0783b139a9f86aa2dce147f31",
        "type": "github"
      },
      "original": {
        "owner": "franciscolourenco",
        "repo": "done",
        "type": "github"
      }
    },
    "fish-plugin-humanize-duration": {
      "flake": false,
      "locked": {
        "lastModified": 1609877074,
        "narHash": "sha256-gb5Af5e0sgpSw/qXerE/q5AWAAH7X+8Lnc92Hb6N5r8=",
        "owner": "fishpkg",
        "repo": "fish-humanize-duration",
        "rev": "28e80440956e635c15c3eec3fc52ae64c718ed97",
        "type": "github"
      },
      "original": {
        "owner": "fishpkg",
        "repo": "fish-humanize-duration",
        "type": "github"
      }
    },
    "home-manager": {
      "inputs": {
        "nixpkgs": [
          "nixpkgs"
        ]
      },
      "locked": {
        "lastModified": 1610050408,
        "narHash": "sha256-WYgqfK10n6gTrqULUe2JSH/BbyhAP4lipb/6Js6lBv8=",
        "owner": "nix-community",
        "repo": "home-manager",
        "rev": "cf5dad76c1ee452224da39f13129c4ff84351a5c",
        "type": "github"
      },
      "original": {
        "owner": "nix-community",
        "repo": "home-manager",
        "type": "github"
      }
    },
    "nixos-stable": {
      "locked": {
        "lastModified": 1609867866,
        "narHash": "sha256-ITciATW51g/VqL4CTCh74Cu/wqIztkoJNZJxqj2vEMs=",
        "owner": "nixos",
        "repo": "nixpkgs",
        "rev": "4a75ca4a4e7d14e7b0b0230b3ea57b5bd7c16218",
        "type": "github"
      },
      "original": {
        "owner": "nixos",
        "ref": "nixos-20.09",
        "repo": "nixpkgs",
        "type": "github"
      }
    },
    "nixpkgs": {
      "locked": {
        "lastModified": 1609809564,
        "narHash": "sha256-EVeeXfFQuMZAJFWb8QmOdgLfXyO4L2Mr9RlNZQKbMdg=",
        "owner": "nixos",
        "repo": "nixpkgs",
        "rev": "f53c431645da8e6760268092aa10f736b5cfb117",
        "type": "github"
      },
      "original": {
        "owner": "nixos",
        "ref": "nixpkgs-unstable",
        "repo": "nixpkgs",
        "type": "github"
      }
    },
    "nixpkgs-master": {
      "locked": {
        "lastModified": 1610128131,
        "narHash": "sha256-jUw53Z4v29Gpw7Aloaj/TWF3ey0Er3rIVLcbdyKADSs=",
        "owner": "nixos",
        "repo": "nixpkgs",
        "rev": "40842049e8b883b5c218fb3a813d6a6b85dc3615",
        "type": "github"
      },
      "original": {
        "owner": "nixos",
        "ref": "master",
        "repo": "nixpkgs",
        "type": "github"
      }
    },
    "nixpkgs-stable-darwin": {
      "locked": {
        "lastModified": 1609961523,
        "narHash": "sha256-4o+zOF8iO9G4KHryzplSdkhjnzh+DnzRkpUacL4pDe4=",
        "owner": "nixos",
        "repo": "nixpkgs",
        "rev": "d04a7a30979db2ba6ac001e4c24907e5594dc07d",
        "type": "github"
      },
      "original": {
        "owner": "nixos",
        "ref": "nixpkgs-20.09-darwin",
        "repo": "nixpkgs",
        "type": "github"
      }
    },
    "root": {
      "inputs": {
        "comma": "comma",
        "darwin": "darwin",
        "fish-plugin-done": "fish-plugin-done",
        "fish-plugin-humanize-duration": "fish-plugin-humanize-duration",
        "home-manager": "home-manager",
        "nixos-stable": "nixos-stable",
        "nixpkgs": "nixpkgs",
        "nixpkgs-master": "nixpkgs-master",
        "nixpkgs-stable-darwin": "nixpkgs-stable-darwin"
      }
    }
  },
  "root": "root",
  "version": 7
}
